
Microsoft Visual Studio Solution File, Format Version 12.00
# Visual Studio Version 16
VisualStudioVersion = 16.0.31105.61
MinimumVisualStudioVersion = 10.0.40219.1
Project("{9A19103F-16F7-4668-BE54-9A1E7A4F7556}") = "CSharpIntermediate", "CSharpIntermediate\CSharpIntermediate.csproj", "{CDE18F96-961E-4415-8D41-9DE19B9560E9}"
EndProject
Project("{9A19103F-16F7-4668-BE54-9A1E7A4F7556}") = "Constructors", "Constructors\Constructors.csproj", "{A50350E1-8942-4297-AC1A-A9F566013373}"
EndProject
Project("{9A19103F-16F7-4668-BE54-9A1E7A4F7556}") = "Methods", "Methods\Methods.csproj", "{5CD12A0D-7E53-46DD-930B-94E4A595F5CF}"
EndProject
Project("{9A19103F-16F7-4668-BE54-9A1E7A4F7556}") = "Fields", "Fields\Fields.csproj", "{88AACE27-8BBC-4D67-B8DC-BBE5635AA7F0}"
EndProject
Project("{9A19103F-16F7-4668-BE54-9A1E7A4F7556}") = "Access Modifiers", "Access Modifiers\Access Modifiers.csproj", "{4F8F7F10-E830-4A32-873E-1F86B5D6BE59}"
EndProject
Project("{FAE04EC0-301F-11D3-BF4B-00C04F79EFBC}") = "Properties", "Properties\Properties.csproj", "{5D790CEA-2843-4D93-B7CB-3D2F86B54F88}"
EndProject
Project("{FAE04EC0-301F-11D3-BF4B-00C04F79EFBC}") = "Indexers", "Indexers\Indexers.csproj", "{89340ED1-4B3B-4E7B-A69E-6BECCD7EF3E7}"
EndProject
Project("{FAE04EC0-301F-11D3-BF4B-00C04F79EFBC}") = "Inheritance", "Inheritance\Inheritance.csproj", "{A6FED0B8-62EB-43E0-B121-A25AF094A4EA}"
EndProject
Project("{FAE04EC0-301F-11D3-BF4B-00C04F79EFBC}") = "Composition", "Composition\Composition.csproj", "{B3EBF7EE-FB7D-49A3-8632-4736A87E169C}"
EndProject
Project("{FAE04EC0-301F-11D3-BF4B-00C04F79EFBC}") = "Access ModifiersAll", "Access ModifiersAll\Access ModifiersAll.csproj", "{34FD7E61-A936-40F0-A9FB-CAA32FBD683D}"
EndProject
Project("{FAE04EC0-301F-11D3-BF4B-00C04F79EFBC}") = "Amazon", "Amazon\Amazon.csproj", "{72AC7DB1-A699-47A0-9462-71A431CFEFC8}"
EndProject
Project("{FAE04EC0-301F-11D3-BF4B-00C04F79EFBC}") = "Constructors2", "Constructors2\Constructors2.csproj", "{B17F7836-D5D0-428C-9473-A46F7076B870}"
EndProject
Project("{FAE04EC0-301F-11D3-BF4B-00C04F79EFBC}") = "Upcasting and Downcasting", "Upcasting and Downcasting\Upcasting and Downcasting.csproj", "{9BC4A06A-9B16-4A5D-8217-1EABF003A506}"
EndProject
Project("{FAE04EC0-301F-11D3-BF4B-00C04F79EFBC}") = "WpfApp1Downcasting", "WpfApp1Downcasting\WpfApp1Downcasting.csproj", "{38F2B291-03BC-4E80-BECF-D698EC0AB59A}"
EndProject
Project("{FAE04EC0-301F-11D3-BF4B-00C04F79EFBC}") = "Boxing and Unboxing", "Boxing and Unboxing\Boxing and Unboxing.csproj", "{17CC33F3-366C-45E0-976A-D614AAAF7243}"
EndProject
Global
	GlobalSection(SolutionConfigurationPlatforms) = preSolution
		Debug|Any CPU = Debug|Any CPU
		Release|Any CPU = Release|Any CPU
	EndGlobalSection
	GlobalSection(ProjectConfigurationPlatforms) = postSolution
		{CDE18F96-961E-4415-8D41-9DE19B9560E9}.Debug|Any CPU.ActiveCfg = Debug|Any CPU
		{CDE18F96-961E-4415-8D41-9DE19B9560E9}.Debug|Any CPU.Build.0 = Debug|Any CPU
		{CDE18F96-961E-4415-8D41-9DE19B9560E9}.Release|Any CPU.ActiveCfg = Release|Any CPU
		{CDE18F96-961E-4415-8D41-9DE19B9560E9}.Release|Any CPU.Build.0 = Release|Any CPU
		{A50350E1-8942-4297-AC1A-A9F566013373}.Debug|Any CPU.ActiveCfg = Debug|Any CPU
		{A50350E1-8942-4297-AC1A-A9F566013373}.Debug|Any CPU.Build.0 = Debug|Any CPU
		{A50350E1-8942-4297-AC1A-A9F566013373}.Release|Any CPU.ActiveCfg = Release|Any CPU
		{A50350E1-8942-4297-AC1A-A9F566013373}.Release|Any CPU.Build.0 = Release|Any CPU
		{5CD12A0D-7E53-46DD-930B-94E4A595F5CF}.Debug|Any CPU.ActiveCfg = Debug|Any CPU
		{5CD12A0D-7E53-46DD-930B-94E4A595F5CF}.Debug|Any CPU.Build.0 = Debug|Any CPU
		{5CD12A0D-7E53-46DD-930B-94E4A595F5CF}.Release|Any CPU.ActiveCfg = Release|Any CPU
		{5CD12A0D-7E53-46DD-930B-94E4A595F5CF}.Release|Any CPU.Build.0 = Release|Any CPU
		{88AACE27-8BBC-4D67-B8DC-BBE5635AA7F0}.Debug|Any CPU.ActiveCfg = Debug|Any CPU
		{88AACE27-8BBC-4D67-B8DC-BBE5635AA7F0}.Debug|Any CPU.Build.0 = Debug|Any CPU
		{88AACE27-8BBC-4D67-B8DC-BBE5635AA7F0}.Release|Any CPU.ActiveCfg = Release|Any CPU
		{88AACE27-8BBC-4D67-B8DC-BBE5635AA7F0}.Release|Any CPU.Build.0 = Release|Any CPU
		{4F8F7F10-E830-4A32-873E-1F86B5D6BE59}.Debug|Any CPU.ActiveCfg = Debug|Any CPU
		{4F8F7F10-E830-4A32-873E-1F86B5D6BE59}.Debug|Any CPU.Build.0 = Debug|Any CPU
		{4F8F7F10-E830-4A32-873E-1F86B5D6BE59}.Release|Any CPU.ActiveCfg = Release|Any CPU
		{4F8F7F10-E830-4A32-873E-1F86B5D6BE59}.Release|Any CPU.Build.0 = Release|Any CPU
		{5D790CEA-2843-4D93-B7CB-3D2F86B54F88}.Debug|Any CPU.ActiveCfg = Debug|Any CPU
		{5D790CEA-2843-4D93-B7CB-3D2F86B54F88}.Debug|Any CPU.Build.0 = Debug|Any CPU
		{5D790CEA-2843-4D93-B7CB-3D2F86B54F88}.Release|Any CPU.ActiveCfg = Release|Any CPU
		{5D790CEA-2843-4D93-B7CB-3D2F86B54F88}.Release|Any CPU.Build.0 = Release|Any CPU
		{89340ED1-4B3B-4E7B-A69E-6BECCD7EF3E7}.Debug|Any CPU.ActiveCfg = Debug|Any CPU
		{89340ED1-4B3B-4E7B-A69E-6BECCD7EF3E7}.Debug|Any CPU.Build.0 = Debug|Any CPU
		{89340ED1-4B3B-4E7B-A69E-6BECCD7EF3E7}.Release|Any CPU.ActiveCfg = Release|Any CPU
		{89340ED1-4B3B-4E7B-A69E-6BECCD7EF3E7}.Release|Any CPU.Build.0 = Release|Any CPU
		{A6FED0B8-62EB-43E0-B121-A25AF094A4EA}.Debug|Any CPU.ActiveCfg = Debug|Any CPU
		{A6FED0B8-62EB-43E0-B121-A25AF094A4EA}.Debug|Any CPU.Build.0 = Debug|Any CPU
		{A6FED0B8-62EB-43E0-B121-A25AF094A4EA}.Release|Any CPU.ActiveCfg = Release|Any CPU
		{A6FED0B8-62EB-43E0-B121-A25AF094A4EA}.Release|Any CPU.Build.0 = Release|Any CPU
		{B3EBF7EE-FB7D-49A3-8632-4736A87E169C}.Debug|Any CPU.ActiveCfg = Debug|Any CPU
		{B3EBF7EE-FB7D-49A3-8632-4736A87E169C}.Debug|Any CPU.Build.0 = Debug|Any CPU
		{B3EBF7EE-FB7D-49A3-8632-4736A87E169C}.Release|Any CPU.ActiveCfg = Release|Any CPU
		{B3EBF7EE-FB7D-49A3-8632-4736A87E169C}.Release|Any CPU.Build.0 = Release|Any CPU
		{34FD7E61-A936-40F0-A9FB-CAA32FBD683D}.Debug|Any CPU.ActiveCfg = Debug|Any CPU
		{34FD7E61-A936-40F0-A9FB-CAA32FBD683D}.Debug|Any CPU.Build.0 = Debug|Any CPU
		{34FD7E61-A936-40F0-A9FB-CAA32FBD683D}.Release|Any CPU.ActiveCfg = Release|Any CPU
		{34FD7E61-A936-40F0-A9FB-CAA32FBD683D}.Release|Any CPU.Build.0 = Release|Any CPU
		{72AC7DB1-A699-47A0-9462-71A431CFEFC8}.Debug|Any CPU.ActiveCfg = Debug|Any CPU
		{72AC7DB1-A699-47A0-9462-71A431CFEFC8}.Debug|Any CPU.Build.0 = Debug|Any CPU
		{72AC7DB1-A699-47A0-9462-71A431CFEFC8}.Release|Any CPU.ActiveCfg = Release|Any CPU
		{72AC7DB1-A699-47A0-9462-71A431CFEFC8}.Release|Any CPU.Build.0 = Release|Any CPU
		{B17F7836-D5D0-428C-9473-A46F7076B870}.Debug|Any CPU.ActiveCfg = Debug|Any CPU
		{B17F7836-D5D0-428C-9473-A46F7076B870}.Debug|Any CPU.Build.0 = Debug|Any CPU
		{B17F7836-D5D0-428C-9473-A46F7076B870}.Release|Any CPU.ActiveCfg = Release|Any CPU
		{B17F7836-D5D0-428C-9473-A46F7076B870}.Release|Any CPU.Build.0 = Release|Any CPU
		{9BC4A06A-9B16-4A5D-8217-1EABF003A506}.Debug|Any CPU.ActiveCfg = Debug|Any CPU
		{9BC4A06A-9B16-4A5D-8217-1EABF003A506}.Debug|Any CPU.Build.0 = Debug|Any CPU
		{9BC4A06A-9B16-4A5D-8217-1EABF003A506}.Release|Any CPU.ActiveCfg = Release|Any CPU
		{9BC4A06A-9B16-4A5D-8217-1EABF003A506}.Release|Any CPU.Build.0 = Release|Any CPU
		{38F2B291-03BC-4E80-BECF-D698EC0AB59A}.Debug|Any CPU.ActiveCfg = Debug|Any CPU
		{38F2B291-03BC-4E80-BECF-D698EC0AB59A}.Debug|Any CPU.Build.0 = Debug|Any CPU
		{38F2B291-03BC-4E80-BECF-D698EC0AB59A}.Release|Any CPU.ActiveCfg = Release|Any CPU
		{38F2B291-03BC-4E80-BECF-D698EC0AB59A}.Release|Any CPU.Build.0 = Release|Any CPU
		{17CC33F3-366C-45E0-976A-D614AAAF7243}.Debug|Any CPU.ActiveCfg = Debug|Any CPU
		{17CC33F3-366C-45E0-976A-D614AAAF7243}.Debug|Any CPU.Build.0 = Debug|Any CPU
		{17CC33F3-366C-45E0-976A-D614AAAF7243}.Release|Any CPU.ActiveCfg = Release|Any CPU
		{17CC33F3-366C-45E0-976A-D614AAAF7243}.Release|Any CPU.Build.0 = Release|Any CPU
	EndGlobalSection
	GlobalSection(SolutionProperties) = preSolution
		HideSolutionNode = FALSE
	EndGlobalSection
	GlobalSection(ExtensibilityGlobals) = postSolution
		SolutionGuid = {AFB2C0C2-2D44-4965-BD2B-05A91F22BACF}
	EndGlobalSection
EndGlobal
